// !$*UTF8*$!
{
	archiveVersion = 1;
	classes = {
	};
	objectVersion = 51;
	objects = {

/* Begin PBXBuildFile section */
		CB44E71FA14D8445F860D399 /* Pods_Gratitude_GratitudeUITests.framework in Frameworks */ = {isa = PBXBuildFile; fileRef = C4C3AD152BAFD8C07F22107A /* Pods_Gratitude_GratitudeUITests.framework */; };
		E60C4674FF32760A1AD39CED /* Pods_Gratitude.framework in Frameworks */ = {isa = PBXBuildFile; fileRef = EEC3C715A3848BF2FEC27E4A /* Pods_Gratitude.framework */; };
		E72B959425045A7E00096A8A /* ForgotPasswordView.swift in Sources */ = {isa = PBXBuildFile; fileRef = E72B959325045A7E00096A8A /* ForgotPasswordView.swift */; };
		E72B9596250465CF00096A8A /* NotesView.swift in Sources */ = {isa = PBXBuildFile; fileRef = E72B9595250465CF00096A8A /* NotesView.swift */; };
		E72B9598250465EB00096A8A /* FeedView.swift in Sources */ = {isa = PBXBuildFile; fileRef = E72B9597250465EB00096A8A /* FeedView.swift */; };
		E72B959C2504661800096A8A /* FriendsView.swift in Sources */ = {isa = PBXBuildFile; fileRef = E72B959B2504661800096A8A /* FriendsView.swift */; };
		E72B959E2504663F00096A8A /* SingleNoteView.swift in Sources */ = {isa = PBXBuildFile; fileRef = E72B959D2504663F00096A8A /* SingleNoteView.swift */; };
		E72B95A02504666300096A8A /* CreateNoteView.swift in Sources */ = {isa = PBXBuildFile; fileRef = E72B959F2504666300096A8A /* CreateNoteView.swift */; };
		E72B95A22504668A00096A8A /* ModifyNoteView.swift in Sources */ = {isa = PBXBuildFile; fileRef = E72B95A12504668A00096A8A /* ModifyNoteView.swift */; };
		E72B95A72504DA8700096A8A /* TextView.swift in Sources */ = {isa = PBXBuildFile; fileRef = E72B95A62504DA8700096A8A /* TextView.swift */; };
		E78E23FA7EAACF5BA3E8D56D /* Pods_GratitudeTests.framework in Frameworks */ = {isa = PBXBuildFile; fileRef = F3A5422A71E762C499A5F8F5 /* Pods_GratitudeTests.framework */; };
		E7BCEEF5250EB75900E8D221 /* NoteClient.swift in Sources */ = {isa = PBXBuildFile; fileRef = E7BCEEF4250EB75800E8D221 /* NoteClient.swift */; };
		E7BCEEF725104C2D00E8D221 /* GenericError.swift in Sources */ = {isa = PBXBuildFile; fileRef = E7BCEEF625104C2D00E8D221 /* GenericError.swift */; };
		E7BCEEFA2510508000E8D221 /* FriendClient.swift in Sources */ = {isa = PBXBuildFile; fileRef = E7BCEEF92510508000E8D221 /* FriendClient.swift */; };
		E7BCEEFC2510509500E8D221 /* FeedContainer.swift in Sources */ = {isa = PBXBuildFile; fileRef = E7BCEEFB2510509500E8D221 /* FeedContainer.swift */; };
		E7BCEF062516864500E8D221 /* Prod.xcconfig in Resources */ = {isa = PBXBuildFile; fileRef = E7BCEF052516864500E8D221 /* Prod.xcconfig */; };
		E7C7276F25168AFC00B311E1 /* ENVS.swift in Sources */ = {isa = PBXBuildFile; fileRef = E7C7276E25168AFB00B311E1 /* ENVS.swift */; };
		E7C7277125169ACB00B311E1 /* Note+Codable.swift in Sources */ = {isa = PBXBuildFile; fileRef = E7C7277025169ACB00B311E1 /* Note+Codable.swift */; };
		E7C7277325169B0D00B311E1 /* Friend+Codable.swift in Sources */ = {isa = PBXBuildFile; fileRef = E7C7277225169B0D00B311E1 /* Friend+Codable.swift */; };
		E7C727772516A64E00B311E1 /* RequestClient.swift in Sources */ = {isa = PBXBuildFile; fileRef = E7C727762516A64E00B311E1 /* RequestClient.swift */; };
		E7C727792516AED200B311E1 /* Feed+Codable.swift in Sources */ = {isa = PBXBuildFile; fileRef = E7C727782516AED200B311E1 /* Feed+Codable.swift */; };
		E7C7277E2516B4A000B311E1 /* Friend+CoreDataClass.swift in Sources */ = {isa = PBXBuildFile; fileRef = E7C7277A2516B4A000B311E1 /* Friend+CoreDataClass.swift */; };
		E7C7277F2516B4A000B311E1 /* Friend+CoreDataProperties.swift in Sources */ = {isa = PBXBuildFile; fileRef = E7C7277B2516B4A000B311E1 /* Friend+CoreDataProperties.swift */; };
		E7C727802516B4A000B311E1 /* Note+CoreDataClass.swift in Sources */ = {isa = PBXBuildFile; fileRef = E7C7277C2516B4A000B311E1 /* Note+CoreDataClass.swift */; };
		E7C727812516B4A000B311E1 /* Note+CoreDataProperties.swift in Sources */ = {isa = PBXBuildFile; fileRef = E7C7277D2516B4A000B311E1 /* Note+CoreDataProperties.swift */; };
		E7C9073F25029C030095B122 /* LoginView.swift in Sources */ = {isa = PBXBuildFile; fileRef = E7C9073E25029C030095B122 /* LoginView.swift */; };
		E7C9074125029EF00095B122 /* CreateAccountView.swift in Sources */ = {isa = PBXBuildFile; fileRef = E7C9074025029EF00095B122 /* CreateAccountView.swift */; };
		E7C9074C2502AE3F0095B122 /* GoogleService-Info.plist in Resources */ = {isa = PBXBuildFile; fileRef = E7C9074B2502AE3F0095B122 /* GoogleService-Info.plist */; };
		E7EF823E24FD659A00089B94 /* AppDelegate.swift in Sources */ = {isa = PBXBuildFile; fileRef = E7EF823D24FD659A00089B94 /* AppDelegate.swift */; };
		E7EF824024FD659A00089B94 /* SceneDelegate.swift in Sources */ = {isa = PBXBuildFile; fileRef = E7EF823F24FD659A00089B94 /* SceneDelegate.swift */; };
		E7EF824324FD659A00089B94 /* Gratitude.xcdatamodeld in Sources */ = {isa = PBXBuildFile; fileRef = E7EF824124FD659A00089B94 /* Gratitude.xcdatamodeld */; };
		E7EF824524FD659A00089B94 /* MainView.swift in Sources */ = {isa = PBXBuildFile; fileRef = E7EF824424FD659A00089B94 /* MainView.swift */; };
		E7EF824724FD659C00089B94 /* Assets.xcassets in Resources */ = {isa = PBXBuildFile; fileRef = E7EF824624FD659C00089B94 /* Assets.xcassets */; };
		E7EF824A24FD659C00089B94 /* Preview Assets.xcassets in Resources */ = {isa = PBXBuildFile; fileRef = E7EF824924FD659C00089B94 /* Preview Assets.xcassets */; };
		E7EF824D24FD659C00089B94 /* LaunchScreen.storyboard in Resources */ = {isa = PBXBuildFile; fileRef = E7EF824B24FD659C00089B94 /* LaunchScreen.storyboard */; };
		E7EF825824FD659C00089B94 /* GratitudeTests.swift in Sources */ = {isa = PBXBuildFile; fileRef = E7EF825724FD659C00089B94 /* GratitudeTests.swift */; };
		E7EF826324FD659C00089B94 /* GratitudeUITests.swift in Sources */ = {isa = PBXBuildFile; fileRef = E7EF826224FD659C00089B94 /* GratitudeUITests.swift */; };
/* End PBXBuildFile section */

/* Begin PBXContainerItemProxy section */
		E7EF825424FD659C00089B94 /* PBXContainerItemProxy */ = {
			isa = PBXContainerItemProxy;
			containerPortal = E7EF823224FD659A00089B94 /* Project object */;
			proxyType = 1;
			remoteGlobalIDString = E7EF823924FD659A00089B94;
			remoteInfo = Gratitude;
		};
		E7EF825F24FD659C00089B94 /* PBXContainerItemProxy */ = {
			isa = PBXContainerItemProxy;
			containerPortal = E7EF823224FD659A00089B94 /* Project object */;
			proxyType = 1;
			remoteGlobalIDString = E7EF823924FD659A00089B94;
			remoteInfo = Gratitude;
		};
/* End PBXContainerItemProxy section */

/* Begin PBXFileReference section */
		02DB5DCC9DE6E6D9C16CFAAE /* Pods-Gratitude.debug(local).xcconfig */ = {isa = PBXFileReference; includeInIndex = 1; lastKnownFileType = text.xcconfig; name = "Pods-Gratitude.debug(local).xcconfig"; path = "Target Support Files/Pods-Gratitude/Pods-Gratitude.debug(local).xcconfig"; sourceTree = "<group>"; };
		05CAFFA6E0B8A92FC4E682DA /* Pods-Gratitude-GratitudeUITests.release.xcconfig */ = {isa = PBXFileReference; includeInIndex = 1; lastKnownFileType = text.xcconfig; name = "Pods-Gratitude-GratitudeUITests.release.xcconfig"; path = "Target Support Files/Pods-Gratitude-GratitudeUITests/Pods-Gratitude-GratitudeUITests.release.xcconfig"; sourceTree = "<group>"; };
		22D275B196BEF2636E255E15 /* Pods-GratitudeTests.release.xcconfig */ = {isa = PBXFileReference; includeInIndex = 1; lastKnownFileType = text.xcconfig; name = "Pods-GratitudeTests.release.xcconfig"; path = "Target Support Files/Pods-GratitudeTests/Pods-GratitudeTests.release.xcconfig"; sourceTree = "<group>"; };
		239177C77261F36962384B86 /* Pods-Gratitude-GratitudeUITests.debug.xcconfig */ = {isa = PBXFileReference; includeInIndex = 1; lastKnownFileType = text.xcconfig; name = "Pods-Gratitude-GratitudeUITests.debug.xcconfig"; path = "Target Support Files/Pods-Gratitude-GratitudeUITests/Pods-Gratitude-GratitudeUITests.debug.xcconfig"; sourceTree = "<group>"; };
		25BCC340AD3C2D3D7B340875 /* Pods-Gratitude.debug.xcconfig */ = {isa = PBXFileReference; includeInIndex = 1; lastKnownFileType = text.xcconfig; name = "Pods-Gratitude.debug.xcconfig"; path = "Target Support Files/Pods-Gratitude/Pods-Gratitude.debug.xcconfig"; sourceTree = "<group>"; };
		4E46753962FF9D777386428A /* Pods-GratitudeTests.debug(local).xcconfig */ = {isa = PBXFileReference; includeInIndex = 1; lastKnownFileType = text.xcconfig; name = "Pods-GratitudeTests.debug(local).xcconfig"; path = "Target Support Files/Pods-GratitudeTests/Pods-GratitudeTests.debug(local).xcconfig"; sourceTree = "<group>"; };
		8F119ED92985735ABF67C87C /* Pods-Gratitude.release.xcconfig */ = {isa = PBXFileReference; includeInIndex = 1; lastKnownFileType = text.xcconfig; name = "Pods-Gratitude.release.xcconfig"; path = "Target Support Files/Pods-Gratitude/Pods-Gratitude.release.xcconfig"; sourceTree = "<group>"; };
		A54D610D076D8C15A89EF793 /* Pods-GratitudeTests.debug.xcconfig */ = {isa = PBXFileReference; includeInIndex = 1; lastKnownFileType = text.xcconfig; name = "Pods-GratitudeTests.debug.xcconfig"; path = "Target Support Files/Pods-GratitudeTests/Pods-GratitudeTests.debug.xcconfig"; sourceTree = "<group>"; };
		C4C3AD152BAFD8C07F22107A /* Pods_Gratitude_GratitudeUITests.framework */ = {isa = PBXFileReference; explicitFileType = wrapper.framework; includeInIndex = 0; path = Pods_Gratitude_GratitudeUITests.framework; sourceTree = BUILT_PRODUCTS_DIR; };
		E72B959325045A7E00096A8A /* ForgotPasswordView.swift */ = {isa = PBXFileReference; lastKnownFileType = sourcecode.swift; path = ForgotPasswordView.swift; sourceTree = "<group>"; };
		E72B9595250465CF00096A8A /* NotesView.swift */ = {isa = PBXFileReference; lastKnownFileType = sourcecode.swift; path = NotesView.swift; sourceTree = "<group>"; };
		E72B9597250465EB00096A8A /* FeedView.swift */ = {isa = PBXFileReference; lastKnownFileType = sourcecode.swift; path = FeedView.swift; sourceTree = "<group>"; };
		E72B959B2504661800096A8A /* FriendsView.swift */ = {isa = PBXFileReference; lastKnownFileType = sourcecode.swift; path = FriendsView.swift; sourceTree = "<group>"; };
		E72B959D2504663F00096A8A /* SingleNoteView.swift */ = {isa = PBXFileReference; lastKnownFileType = sourcecode.swift; path = SingleNoteView.swift; sourceTree = "<group>"; };
		E72B959F2504666300096A8A /* CreateNoteView.swift */ = {isa = PBXFileReference; lastKnownFileType = sourcecode.swift; path = CreateNoteView.swift; sourceTree = "<group>"; };
		E72B95A12504668A00096A8A /* ModifyNoteView.swift */ = {isa = PBXFileReference; lastKnownFileType = sourcecode.swift; path = ModifyNoteView.swift; sourceTree = "<group>"; };
		E72B95A62504DA8700096A8A /* TextView.swift */ = {isa = PBXFileReference; lastKnownFileType = sourcecode.swift; path = TextView.swift; sourceTree = "<group>"; };
		E7BCEEF4250EB75800E8D221 /* NoteClient.swift */ = {isa = PBXFileReference; lastKnownFileType = sourcecode.swift; path = NoteClient.swift; sourceTree = "<group>"; };
		E7BCEEF625104C2D00E8D221 /* GenericError.swift */ = {isa = PBXFileReference; lastKnownFileType = sourcecode.swift; path = GenericError.swift; sourceTree = "<group>"; };
		E7BCEEF92510508000E8D221 /* FriendClient.swift */ = {isa = PBXFileReference; lastKnownFileType = sourcecode.swift; path = FriendClient.swift; sourceTree = "<group>"; };
		E7BCEEFB2510509500E8D221 /* FeedContainer.swift */ = {isa = PBXFileReference; lastKnownFileType = sourcecode.swift; path = FeedContainer.swift; sourceTree = "<group>"; };
		E7BCEF04251685C400E8D221 /* Local.xcconfig */ = {isa = PBXFileReference; lastKnownFileType = text.xcconfig; path = Local.xcconfig; sourceTree = "<group>"; };
		E7BCEF052516864500E8D221 /* Prod.xcconfig */ = {isa = PBXFileReference; lastKnownFileType = text.xcconfig; path = Prod.xcconfig; sourceTree = "<group>"; };
		E7C7276E25168AFB00B311E1 /* ENVS.swift */ = {isa = PBXFileReference; lastKnownFileType = sourcecode.swift; path = ENVS.swift; sourceTree = "<group>"; };
		E7C7277025169ACB00B311E1 /* Note+Codable.swift */ = {isa = PBXFileReference; lastKnownFileType = sourcecode.swift; path = "Note+Codable.swift"; sourceTree = "<group>"; };
		E7C7277225169B0D00B311E1 /* Friend+Codable.swift */ = {isa = PBXFileReference; lastKnownFileType = sourcecode.swift; path = "Friend+Codable.swift"; sourceTree = "<group>"; };
		E7C727762516A64E00B311E1 /* RequestClient.swift */ = {isa = PBXFileReference; lastKnownFileType = sourcecode.swift; path = RequestClient.swift; sourceTree = "<group>"; };
		E7C727782516AED200B311E1 /* Feed+Codable.swift */ = {isa = PBXFileReference; lastKnownFileType = sourcecode.swift; path = "Feed+Codable.swift"; sourceTree = "<group>"; };
		E7C7277A2516B4A000B311E1 /* Friend+CoreDataClass.swift */ = {isa = PBXFileReference; lastKnownFileType = sourcecode.swift; path = "Friend+CoreDataClass.swift"; sourceTree = SOURCE_ROOT; };
		E7C7277B2516B4A000B311E1 /* Friend+CoreDataProperties.swift */ = {isa = PBXFileReference; lastKnownFileType = sourcecode.swift; path = "Friend+CoreDataProperties.swift"; sourceTree = SOURCE_ROOT; };
		E7C7277C2516B4A000B311E1 /* Note+CoreDataClass.swift */ = {isa = PBXFileReference; lastKnownFileType = sourcecode.swift; path = "Note+CoreDataClass.swift"; sourceTree = SOURCE_ROOT; };
		E7C7277D2516B4A000B311E1 /* Note+CoreDataProperties.swift */ = {isa = PBXFileReference; lastKnownFileType = sourcecode.swift; path = "Note+CoreDataProperties.swift"; sourceTree = SOURCE_ROOT; };
		E7C9073E25029C030095B122 /* LoginView.swift */ = {isa = PBXFileReference; lastKnownFileType = sourcecode.swift; path = LoginView.swift; sourceTree = "<group>"; };
		E7C9074025029EF00095B122 /* CreateAccountView.swift */ = {isa = PBXFileReference; lastKnownFileType = sourcecode.swift; path = CreateAccountView.swift; sourceTree = "<group>"; };
		E7C9074B2502AE3F0095B122 /* GoogleService-Info.plist */ = {isa = PBXFileReference; fileEncoding = 4; lastKnownFileType = text.plist.xml; path = "GoogleService-Info.plist"; sourceTree = "<group>"; };
		E7EF823A24FD659A00089B94 /* Gratitude.app */ = {isa = PBXFileReference; explicitFileType = wrapper.application; includeInIndex = 0; path = Gratitude.app; sourceTree = BUILT_PRODUCTS_DIR; };
		E7EF823D24FD659A00089B94 /* AppDelegate.swift */ = {isa = PBXFileReference; lastKnownFileType = sourcecode.swift; path = AppDelegate.swift; sourceTree = "<group>"; };
		E7EF823F24FD659A00089B94 /* SceneDelegate.swift */ = {isa = PBXFileReference; lastKnownFileType = sourcecode.swift; path = SceneDelegate.swift; sourceTree = "<group>"; };
		E7EF824224FD659A00089B94 /* Gratitude.xcdatamodel */ = {isa = PBXFileReference; lastKnownFileType = wrapper.xcdatamodel; path = Gratitude.xcdatamodel; sourceTree = "<group>"; };
		E7EF824424FD659A00089B94 /* MainView.swift */ = {isa = PBXFileReference; lastKnownFileType = sourcecode.swift; path = MainView.swift; sourceTree = "<group>"; };
		E7EF824624FD659C00089B94 /* Assets.xcassets */ = {isa = PBXFileReference; lastKnownFileType = folder.assetcatalog; path = Assets.xcassets; sourceTree = "<group>"; };
		E7EF824924FD659C00089B94 /* Preview Assets.xcassets */ = {isa = PBXFileReference; lastKnownFileType = folder.assetcatalog; path = "Preview Assets.xcassets"; sourceTree = "<group>"; };
		E7EF824C24FD659C00089B94 /* Base */ = {isa = PBXFileReference; lastKnownFileType = file.storyboard; name = Base; path = Base.lproj/LaunchScreen.storyboard; sourceTree = "<group>"; };
		E7EF824E24FD659C00089B94 /* Info.plist */ = {isa = PBXFileReference; lastKnownFileType = text.plist.xml; path = Info.plist; sourceTree = "<group>"; };
		E7EF825324FD659C00089B94 /* GratitudeTests.xctest */ = {isa = PBXFileReference; explicitFileType = wrapper.cfbundle; includeInIndex = 0; path = GratitudeTests.xctest; sourceTree = BUILT_PRODUCTS_DIR; };
		E7EF825724FD659C00089B94 /* GratitudeTests.swift */ = {isa = PBXFileReference; lastKnownFileType = sourcecode.swift; path = GratitudeTests.swift; sourceTree = "<group>"; };
		E7EF825924FD659C00089B94 /* Info.plist */ = {isa = PBXFileReference; lastKnownFileType = text.plist.xml; path = Info.plist; sourceTree = "<group>"; };
		E7EF825E24FD659C00089B94 /* GratitudeUITests.xctest */ = {isa = PBXFileReference; explicitFileType = wrapper.cfbundle; includeInIndex = 0; path = GratitudeUITests.xctest; sourceTree = BUILT_PRODUCTS_DIR; };
		E7EF826224FD659C00089B94 /* GratitudeUITests.swift */ = {isa = PBXFileReference; lastKnownFileType = sourcecode.swift; path = GratitudeUITests.swift; sourceTree = "<group>"; };
		E7EF826424FD659C00089B94 /* Info.plist */ = {isa = PBXFileReference; lastKnownFileType = text.plist.xml; path = Info.plist; sourceTree = "<group>"; };
		E8D0019006BA1C500C85FD70 /* Pods-Gratitude-GratitudeUITests.debug(local).xcconfig */ = {isa = PBXFileReference; includeInIndex = 1; lastKnownFileType = text.xcconfig; name = "Pods-Gratitude-GratitudeUITests.debug(local).xcconfig"; path = "Target Support Files/Pods-Gratitude-GratitudeUITests/Pods-Gratitude-GratitudeUITests.debug(local).xcconfig"; sourceTree = "<group>"; };
		EEC3C715A3848BF2FEC27E4A /* Pods_Gratitude.framework */ = {isa = PBXFileReference; explicitFileType = wrapper.framework; includeInIndex = 0; path = Pods_Gratitude.framework; sourceTree = BUILT_PRODUCTS_DIR; };
		F3A5422A71E762C499A5F8F5 /* Pods_GratitudeTests.framework */ = {isa = PBXFileReference; explicitFileType = wrapper.framework; includeInIndex = 0; path = Pods_GratitudeTests.framework; sourceTree = BUILT_PRODUCTS_DIR; };
/* End PBXFileReference section */

/* Begin PBXFrameworksBuildPhase section */
		E7EF823724FD659A00089B94 /* Frameworks */ = {
			isa = PBXFrameworksBuildPhase;
			buildActionMask = 2147483647;
			files = (
				E60C4674FF32760A1AD39CED /* Pods_Gratitude.framework in Frameworks */,
			);
			runOnlyForDeploymentPostprocessing = 0;
		};
		E7EF825024FD659C00089B94 /* Frameworks */ = {
			isa = PBXFrameworksBuildPhase;
			buildActionMask = 2147483647;
			files = (
				E78E23FA7EAACF5BA3E8D56D /* Pods_GratitudeTests.framework in Frameworks */,
			);
			runOnlyForDeploymentPostprocessing = 0;
		};
		E7EF825B24FD659C00089B94 /* Frameworks */ = {
			isa = PBXFrameworksBuildPhase;
			buildActionMask = 2147483647;
			files = (
				CB44E71FA14D8445F860D399 /* Pods_Gratitude_GratitudeUITests.framework in Frameworks */,
			);
			runOnlyForDeploymentPostprocessing = 0;
		};
/* End PBXFrameworksBuildPhase section */

/* Begin PBXGroup section */
		217993555EDA6776B83A9CE3 /* Frameworks */ = {
			isa = PBXGroup;
			children = (
				EEC3C715A3848BF2FEC27E4A /* Pods_Gratitude.framework */,
				C4C3AD152BAFD8C07F22107A /* Pods_Gratitude_GratitudeUITests.framework */,
				F3A5422A71E762C499A5F8F5 /* Pods_GratitudeTests.framework */,
			);
			name = Frameworks;
			sourceTree = "<group>";
		};
		E72B95A32504A08F00096A8A /* Components */ = {
			isa = PBXGroup;
			children = (
				E72B95A62504DA8700096A8A /* TextView.swift */,
			);
			path = Components;
			sourceTree = "<group>";
		};
		E72B95A82504E6AD00096A8A /* Models */ = {
			isa = PBXGroup;
			children = (
				E7C7277A2516B4A000B311E1 /* Friend+CoreDataClass.swift */,
				E7C7277B2516B4A000B311E1 /* Friend+CoreDataProperties.swift */,
				E7C7277C2516B4A000B311E1 /* Note+CoreDataClass.swift */,
				E7C7277D2516B4A000B311E1 /* Note+CoreDataProperties.swift */,
				E7C7277025169ACB00B311E1 /* Note+Codable.swift */,
				E7C7277225169B0D00B311E1 /* Friend+Codable.swift */,
				E7C727782516AED200B311E1 /* Feed+Codable.swift */,
			);
			path = Models;
			sourceTree = "<group>";
		};
		E7BCEEF82510503B00E8D221 /* Utils */ = {
			isa = PBXGroup;
			children = (
				E7BCEEF4250EB75800E8D221 /* NoteClient.swift */,
				E7BCEEF625104C2D00E8D221 /* GenericError.swift */,
				E7BCEEF92510508000E8D221 /* FriendClient.swift */,
				E7BCEEFB2510509500E8D221 /* FeedContainer.swift */,
				E7C7276E25168AFB00B311E1 /* ENVS.swift */,
				E7C727762516A64E00B311E1 /* RequestClient.swift */,
			);
			path = Utils;
			sourceTree = "<group>";
		};
		E7BCEF032516856C00E8D221 /* Configs */ = {
			isa = PBXGroup;
			children = (
				E7BCEF04251685C400E8D221 /* Local.xcconfig */,
				E7BCEF052516864500E8D221 /* Prod.xcconfig */,
			);
			path = Configs;
			sourceTree = "<group>";
		};
		E7C9074325029F320095B122 /* Views */ = {
			isa = PBXGroup;
			children = (
				E7C9073E25029C030095B122 /* LoginView.swift */,
				E7C9074025029EF00095B122 /* CreateAccountView.swift */,
				E7EF824424FD659A00089B94 /* MainView.swift */,
				E72B959325045A7E00096A8A /* ForgotPasswordView.swift */,
				E72B9595250465CF00096A8A /* NotesView.swift */,
				E72B9597250465EB00096A8A /* FeedView.swift */,
				E72B959B2504661800096A8A /* FriendsView.swift */,
				E72B959D2504663F00096A8A /* SingleNoteView.swift */,
				E72B959F2504666300096A8A /* CreateNoteView.swift */,
				E72B95A12504668A00096A8A /* ModifyNoteView.swift */,
			);
			path = Views;
			sourceTree = "<group>";
		};
		E7C9074425029FD30095B122 /* Controllers */ = {
			isa = PBXGroup;
			children = (
				E7EF823D24FD659A00089B94 /* AppDelegate.swift */,
				E7EF823F24FD659A00089B94 /* SceneDelegate.swift */,
			);
			path = Controllers;
			sourceTree = "<group>";
		};
		E7EF823124FD659A00089B94 = {
			isa = PBXGroup;
			children = (
				E7EF823C24FD659A00089B94 /* Gratitude */,
				E7EF825624FD659C00089B94 /* GratitudeTests */,
				E7EF826124FD659C00089B94 /* GratitudeUITests */,
				E7EF823B24FD659A00089B94 /* Products */,
				F88659ECBCA99E65D00EB850 /* Pods */,
				217993555EDA6776B83A9CE3 /* Frameworks */,
			);
			sourceTree = "<group>";
		};
		E7EF823B24FD659A00089B94 /* Products */ = {
			isa = PBXGroup;
			children = (
				E7EF823A24FD659A00089B94 /* Gratitude.app */,
				E7EF825324FD659C00089B94 /* GratitudeTests.xctest */,
				E7EF825E24FD659C00089B94 /* GratitudeUITests.xctest */,
			);
			name = Products;
			sourceTree = "<group>";
		};
		E7EF823C24FD659A00089B94 /* Gratitude */ = {
			isa = PBXGroup;
			children = (
				E7BCEF032516856C00E8D221 /* Configs */,
				E7BCEEF82510503B00E8D221 /* Utils */,
				E72B95A82504E6AD00096A8A /* Models */,
				E72B95A32504A08F00096A8A /* Components */,
				E7C9074425029FD30095B122 /* Controllers */,
				E7C9074325029F320095B122 /* Views */,
				E7EF824624FD659C00089B94 /* Assets.xcassets */,
				E7EF824B24FD659C00089B94 /* LaunchScreen.storyboard */,
				E7C9074B2502AE3F0095B122 /* GoogleService-Info.plist */,
				E7EF824E24FD659C00089B94 /* Info.plist */,
				E7EF824124FD659A00089B94 /* Gratitude.xcdatamodeld */,
				E7EF824824FD659C00089B94 /* Preview Content */,
			);
			path = Gratitude;
			sourceTree = "<group>";
		};
		E7EF824824FD659C00089B94 /* Preview Content */ = {
			isa = PBXGroup;
			children = (
				E7EF824924FD659C00089B94 /* Preview Assets.xcassets */,
			);
			path = "Preview Content";
			sourceTree = "<group>";
		};
		E7EF825624FD659C00089B94 /* GratitudeTests */ = {
			isa = PBXGroup;
			children = (
				E7EF825724FD659C00089B94 /* GratitudeTests.swift */,
				E7EF825924FD659C00089B94 /* Info.plist */,
			);
			path = GratitudeTests;
			sourceTree = "<group>";
		};
		E7EF826124FD659C00089B94 /* GratitudeUITests */ = {
			isa = PBXGroup;
			children = (
				E7EF826224FD659C00089B94 /* GratitudeUITests.swift */,
				E7EF826424FD659C00089B94 /* Info.plist */,
			);
			path = GratitudeUITests;
			sourceTree = "<group>";
		};
		F88659ECBCA99E65D00EB850 /* Pods */ = {
			isa = PBXGroup;
			children = (
				25BCC340AD3C2D3D7B340875 /* Pods-Gratitude.debug.xcconfig */,
				8F119ED92985735ABF67C87C /* Pods-Gratitude.release.xcconfig */,
				239177C77261F36962384B86 /* Pods-Gratitude-GratitudeUITests.debug.xcconfig */,
				05CAFFA6E0B8A92FC4E682DA /* Pods-Gratitude-GratitudeUITests.release.xcconfig */,
				A54D610D076D8C15A89EF793 /* Pods-GratitudeTests.debug.xcconfig */,
				22D275B196BEF2636E255E15 /* Pods-GratitudeTests.release.xcconfig */,
				02DB5DCC9DE6E6D9C16CFAAE /* Pods-Gratitude.debug(local).xcconfig */,
				E8D0019006BA1C500C85FD70 /* Pods-Gratitude-GratitudeUITests.debug(local).xcconfig */,
				4E46753962FF9D777386428A /* Pods-GratitudeTests.debug(local).xcconfig */,
			);
			path = Pods;
			sourceTree = "<group>";
		};
/* End PBXGroup section */

/* Begin PBXNativeTarget section */
		E7EF823924FD659A00089B94 /* Gratitude */ = {
			isa = PBXNativeTarget;
			buildConfigurationList = E7EF826724FD659C00089B94 /* Build configuration list for PBXNativeTarget "Gratitude" */;
			buildPhases = (
				B350F414C755ACA520921033 /* [CP] Check Pods Manifest.lock */,
				E7EF823624FD659A00089B94 /* Sources */,
				E7EF823724FD659A00089B94 /* Frameworks */,
				E7EF823824FD659A00089B94 /* Resources */,
				F777F7D39DA356B6F8912601 /* [CP] Embed Pods Frameworks */,
			);
			buildRules = (
			);
			dependencies = (
			);
			name = Gratitude;
			productName = Gratitude;
			productReference = E7EF823A24FD659A00089B94 /* Gratitude.app */;
			productType = "com.apple.product-type.application";
		};
		E7EF825224FD659C00089B94 /* GratitudeTests */ = {
			isa = PBXNativeTarget;
			buildConfigurationList = E7EF826A24FD659C00089B94 /* Build configuration list for PBXNativeTarget "GratitudeTests" */;
			buildPhases = (
				9C06F85E5355E331F12A5324 /* [CP] Check Pods Manifest.lock */,
				E7EF824F24FD659C00089B94 /* Sources */,
				E7EF825024FD659C00089B94 /* Frameworks */,
				E7EF825124FD659C00089B94 /* Resources */,
			);
			buildRules = (
			);
			dependencies = (
				E7EF825524FD659C00089B94 /* PBXTargetDependency */,
			);
			name = GratitudeTests;
			productName = GratitudeTests;
			productReference = E7EF825324FD659C00089B94 /* GratitudeTests.xctest */;
			productType = "com.apple.product-type.bundle.unit-test";
		};
		E7EF825D24FD659C00089B94 /* GratitudeUITests */ = {
			isa = PBXNativeTarget;
			buildConfigurationList = E7EF826D24FD659C00089B94 /* Build configuration list for PBXNativeTarget "GratitudeUITests" */;
			buildPhases = (
				C003BC74D44D461932CDA9A5 /* [CP] Check Pods Manifest.lock */,
				E7EF825A24FD659C00089B94 /* Sources */,
				E7EF825B24FD659C00089B94 /* Frameworks */,
				E7EF825C24FD659C00089B94 /* Resources */,
				BB6D968EE13207254C8962CA /* [CP] Embed Pods Frameworks */,
			);
			buildRules = (
			);
			dependencies = (
				E7EF826024FD659C00089B94 /* PBXTargetDependency */,
			);
			name = GratitudeUITests;
			productName = GratitudeUITests;
			productReference = E7EF825E24FD659C00089B94 /* GratitudeUITests.xctest */;
			productType = "com.apple.product-type.bundle.ui-testing";
		};
/* End PBXNativeTarget section */

/* Begin PBXProject section */
		E7EF823224FD659A00089B94 /* Project object */ = {
			isa = PBXProject;
			attributes = {
				LastSwiftUpdateCheck = 1160;
				LastUpgradeCheck = 1160;
				ORGANIZATIONNAME = "Nwaokocha Victor";
				TargetAttributes = {
					E7EF823924FD659A00089B94 = {
						CreatedOnToolsVersion = 11.6;
					};
					E7EF825224FD659C00089B94 = {
						CreatedOnToolsVersion = 11.6;
						TestTargetID = E7EF823924FD659A00089B94;
					};
					E7EF825D24FD659C00089B94 = {
						CreatedOnToolsVersion = 11.6;
						TestTargetID = E7EF823924FD659A00089B94;
					};
				};
			};
			buildConfigurationList = E7EF823524FD659A00089B94 /* Build configuration list for PBXProject "Gratitude" */;
			compatibilityVersion = "Xcode 9.3";
			developmentRegion = en;
			hasScannedForEncodings = 0;
			knownRegions = (
				en,
				Base,
			);
			mainGroup = E7EF823124FD659A00089B94;
			productRefGroup = E7EF823B24FD659A00089B94 /* Products */;
			projectDirPath = "";
			projectRoot = "";
			targets = (
				E7EF823924FD659A00089B94 /* Gratitude */,
				E7EF825224FD659C00089B94 /* GratitudeTests */,
				E7EF825D24FD659C00089B94 /* GratitudeUITests */,
			);
		};
/* End PBXProject section */

/* Begin PBXResourcesBuildPhase section */
		E7EF823824FD659A00089B94 /* Resources */ = {
			isa = PBXResourcesBuildPhase;
			buildActionMask = 2147483647;
			files = (
				E7EF824D24FD659C00089B94 /* LaunchScreen.storyboard in Resources */,
				E7C9074C2502AE3F0095B122 /* GoogleService-Info.plist in Resources */,
				E7BCEF062516864500E8D221 /* Prod.xcconfig in Resources */,
				E7EF824A24FD659C00089B94 /* Preview Assets.xcassets in Resources */,
				E7EF824724FD659C00089B94 /* Assets.xcassets in Resources */,
			);
			runOnlyForDeploymentPostprocessing = 0;
		};
		E7EF825124FD659C00089B94 /* Resources */ = {
			isa = PBXResourcesBuildPhase;
			buildActionMask = 2147483647;
			files = (
			);
			runOnlyForDeploymentPostprocessing = 0;
		};
		E7EF825C24FD659C00089B94 /* Resources */ = {
			isa = PBXResourcesBuildPhase;
			buildActionMask = 2147483647;
			files = (
			);
			runOnlyForDeploymentPostprocessing = 0;
		};
/* End PBXResourcesBuildPhase section */

/* Begin PBXShellScriptBuildPhase section */
		9C06F85E5355E331F12A5324 /* [CP] Check Pods Manifest.lock */ = {
			isa = PBXShellScriptBuildPhase;
			buildActionMask = 2147483647;
			files = (
			);
			inputFileListPaths = (
			);
			inputPaths = (
				"${PODS_PODFILE_DIR_PATH}/Podfile.lock",
				"${PODS_ROOT}/Manifest.lock",
			);
			name = "[CP] Check Pods Manifest.lock";
			outputFileListPaths = (
			);
			outputPaths = (
				"$(DERIVED_FILE_DIR)/Pods-GratitudeTests-checkManifestLockResult.txt",
			);
			runOnlyForDeploymentPostprocessing = 0;
			shellPath = /bin/sh;
			shellScript = "diff \"${PODS_PODFILE_DIR_PATH}/Podfile.lock\" \"${PODS_ROOT}/Manifest.lock\" > /dev/null\nif [ $? != 0 ] ; then\n    # print error to STDERR\n    echo \"error: The sandbox is not in sync with the Podfile.lock. Run 'pod install' or update your CocoaPods installation.\" >&2\n    exit 1\nfi\n# This output is used by Xcode 'outputs' to avoid re-running this script phase.\necho \"SUCCESS\" > \"${SCRIPT_OUTPUT_FILE_0}\"\n";
			showEnvVarsInLog = 0;
		};
		B350F414C755ACA520921033 /* [CP] Check Pods Manifest.lock */ = {
			isa = PBXShellScriptBuildPhase;
			buildActionMask = 2147483647;
			files = (
			);
			inputFileListPaths = (
			);
			inputPaths = (
				"${PODS_PODFILE_DIR_PATH}/Podfile.lock",
				"${PODS_ROOT}/Manifest.lock",
			);
			name = "[CP] Check Pods Manifest.lock";
			outputFileListPaths = (
			);
			outputPaths = (
				"$(DERIVED_FILE_DIR)/Pods-Gratitude-checkManifestLockResult.txt",
			);
			runOnlyForDeploymentPostprocessing = 0;
			shellPath = /bin/sh;
			shellScript = "diff \"${PODS_PODFILE_DIR_PATH}/Podfile.lock\" \"${PODS_ROOT}/Manifest.lock\" > /dev/null\nif [ $? != 0 ] ; then\n    # print error to STDERR\n    echo \"error: The sandbox is not in sync with the Podfile.lock. Run 'pod install' or update your CocoaPods installation.\" >&2\n    exit 1\nfi\n# This output is used by Xcode 'outputs' to avoid re-running this script phase.\necho \"SUCCESS\" > \"${SCRIPT_OUTPUT_FILE_0}\"\n";
			showEnvVarsInLog = 0;
		};
		BB6D968EE13207254C8962CA /* [CP] Embed Pods Frameworks */ = {
			isa = PBXShellScriptBuildPhase;
			buildActionMask = 2147483647;
			files = (
			);
			inputFileListPaths = (
				"${PODS_ROOT}/Target Support Files/Pods-Gratitude-GratitudeUITests/Pods-Gratitude-GratitudeUITests-frameworks-${CONFIGURATION}-input-files.xcfilelist",
			);
			name = "[CP] Embed Pods Frameworks";
			outputFileListPaths = (
				"${PODS_ROOT}/Target Support Files/Pods-Gratitude-GratitudeUITests/Pods-Gratitude-GratitudeUITests-frameworks-${CONFIGURATION}-output-files.xcfilelist",
			);
			runOnlyForDeploymentPostprocessing = 0;
			shellPath = /bin/sh;
			shellScript = "\"${PODS_ROOT}/Target Support Files/Pods-Gratitude-GratitudeUITests/Pods-Gratitude-GratitudeUITests-frameworks.sh\"\n";
			showEnvVarsInLog = 0;
		};
		C003BC74D44D461932CDA9A5 /* [CP] Check Pods Manifest.lock */ = {
			isa = PBXShellScriptBuildPhase;
			buildActionMask = 2147483647;
			files = (
			);
			inputFileListPaths = (
			);
			inputPaths = (
				"${PODS_PODFILE_DIR_PATH}/Podfile.lock",
				"${PODS_ROOT}/Manifest.lock",
			);
			name = "[CP] Check Pods Manifest.lock";
			outputFileListPaths = (
			);
			outputPaths = (
				"$(DERIVED_FILE_DIR)/Pods-Gratitude-GratitudeUITests-checkManifestLockResult.txt",
			);
			runOnlyForDeploymentPostprocessing = 0;
			shellPath = /bin/sh;
			shellScript = "diff \"${PODS_PODFILE_DIR_PATH}/Podfile.lock\" \"${PODS_ROOT}/Manifest.lock\" > /dev/null\nif [ $? != 0 ] ; then\n    # print error to STDERR\n    echo \"error: The sandbox is not in sync with the Podfile.lock. Run 'pod install' or update your CocoaPods installation.\" >&2\n    exit 1\nfi\n# This output is used by Xcode 'outputs' to avoid re-running this script phase.\necho \"SUCCESS\" > \"${SCRIPT_OUTPUT_FILE_0}\"\n";
			showEnvVarsInLog = 0;
		};
		F777F7D39DA356B6F8912601 /* [CP] Embed Pods Frameworks */ = {
			isa = PBXShellScriptBuildPhase;
			buildActionMask = 2147483647;
			files = (
			);
			inputFileListPaths = (
				"${PODS_ROOT}/Target Support Files/Pods-Gratitude/Pods-Gratitude-frameworks-${CONFIGURATION}-input-files.xcfilelist",
			);
			name = "[CP] Embed Pods Frameworks";
			outputFileListPaths = (
				"${PODS_ROOT}/Target Support Files/Pods-Gratitude/Pods-Gratitude-frameworks-${CONFIGURATION}-output-files.xcfilelist",
			);
			runOnlyForDeploymentPostprocessing = 0;
			shellPath = /bin/sh;
			shellScript = "\"${PODS_ROOT}/Target Support Files/Pods-Gratitude/Pods-Gratitude-frameworks.sh\"\n";
			showEnvVarsInLog = 0;
		};
/* End PBXShellScriptBuildPhase section */

/* Begin PBXSourcesBuildPhase section */
		E7EF823624FD659A00089B94 /* Sources */ = {
			isa = PBXSourcesBuildPhase;
			buildActionMask = 2147483647;
			files = (
				E72B959C2504661800096A8A /* FriendsView.swift in Sources */,
				E7C7277E2516B4A000B311E1 /* Friend+CoreDataClass.swift in Sources */,
				E7C7276F25168AFC00B311E1 /* ENVS.swift in Sources */,
				E7C9074125029EF00095B122 /* CreateAccountView.swift in Sources */,
				E72B9598250465EB00096A8A /* FeedView.swift in Sources */,
				E7BCEEFA2510508000E8D221 /* FriendClient.swift in Sources */,
				E7C727772516A64E00B311E1 /* RequestClient.swift in Sources */,
				E7C727802516B4A000B311E1 /* Note+CoreDataClass.swift in Sources */,
				E7C727812516B4A000B311E1 /* Note+CoreDataProperties.swift in Sources */,
				E7C727792516AED200B311E1 /* Feed+Codable.swift in Sources */,
				E72B959425045A7E00096A8A /* ForgotPasswordView.swift in Sources */,
				E72B959E2504663F00096A8A /* SingleNoteView.swift in Sources */,
				E7EF824324FD659A00089B94 /* Gratitude.xcdatamodeld in Sources */,
				E7C7277125169ACB00B311E1 /* Note+Codable.swift in Sources */,
				E7C7277F2516B4A000B311E1 /* Friend+CoreDataProperties.swift in Sources */,
				E7EF823E24FD659A00089B94 /* AppDelegate.swift in Sources */,
				E7BCEEF725104C2D00E8D221 /* GenericError.swift in Sources */,
				E7BCEEF5250EB75900E8D221 /* NoteClient.swift in Sources */,
				E7EF824524FD659A00089B94 /* MainView.swift in Sources */,
				E72B95A02504666300096A8A /* CreateNoteView.swift in Sources */,
				E72B95A72504DA8700096A8A /* TextView.swift in Sources */,
				E7BCEEFC2510509500E8D221 /* FeedContainer.swift in Sources */,
				E72B95A22504668A00096A8A /* ModifyNoteView.swift in Sources */,
				E7C7277325169B0D00B311E1 /* Friend+Codable.swift in Sources */,
				E7EF824024FD659A00089B94 /* SceneDelegate.swift in Sources */,
				E72B9596250465CF00096A8A /* NotesView.swift in Sources */,
				E7C9073F25029C030095B122 /* LoginView.swift in Sources */,
			);
			runOnlyForDeploymentPostprocessing = 0;
		};
		E7EF824F24FD659C00089B94 /* Sources */ = {
			isa = PBXSourcesBuildPhase;
			buildActionMask = 2147483647;
			files = (
				E7EF825824FD659C00089B94 /* GratitudeTests.swift in Sources */,
			);
			runOnlyForDeploymentPostprocessing = 0;
		};
		E7EF825A24FD659C00089B94 /* Sources */ = {
			isa = PBXSourcesBuildPhase;
			buildActionMask = 2147483647;
			files = (
				E7EF826324FD659C00089B94 /* GratitudeUITests.swift in Sources */,
			);
			runOnlyForDeploymentPostprocessing = 0;
		};
/* End PBXSourcesBuildPhase section */

/* Begin PBXTargetDependency section */
		E7EF825524FD659C00089B94 /* PBXTargetDependency */ = {
			isa = PBXTargetDependency;
			target = E7EF823924FD659A00089B94 /* Gratitude */;
			targetProxy = E7EF825424FD659C00089B94 /* PBXContainerItemProxy */;
		};
		E7EF826024FD659C00089B94 /* PBXTargetDependency */ = {
			isa = PBXTargetDependency;
			target = E7EF823924FD659A00089B94 /* Gratitude */;
			targetProxy = E7EF825F24FD659C00089B94 /* PBXContainerItemProxy */;
		};
/* End PBXTargetDependency section */

/* Begin PBXVariantGroup section */
		E7EF824B24FD659C00089B94 /* LaunchScreen.storyboard */ = {
			isa = PBXVariantGroup;
			children = (
				E7EF824C24FD659C00089B94 /* Base */,
			);
			name = LaunchScreen.storyboard;
			sourceTree = "<group>";
		};
/* End PBXVariantGroup section */

/* Begin XCBuildConfiguration section */
		E7BCEEFF2516836A00E8D221 /* Debug(Local) */ = {
			isa = XCBuildConfiguration;
			baseConfigurationReference = E7BCEF04251685C400E8D221 /* Local.xcconfig */;
			buildSettings = {
				ALWAYS_SEARCH_USER_PATHS = NO;
				CLANG_ANALYZER_NONNULL = YES;
				CLANG_ANALYZER_NUMBER_OBJECT_CONVERSION = YES_AGGRESSIVE;
				CLANG_CXX_LANGUAGE_STANDARD = "gnu++14";
				CLANG_CXX_LIBRARY = "libc++";
				CLANG_ENABLE_MODULES = YES;
				CLANG_ENABLE_OBJC_ARC = YES;
				CLANG_ENABLE_OBJC_WEAK = YES;
				CLANG_WARN_BLOCK_CAPTURE_AUTORELEASING = YES;
				CLANG_WARN_BOOL_CONVERSION = YES;
				CLANG_WARN_COMMA = YES;
				CLANG_WARN_CONSTANT_CONVERSION = YES;
				CLANG_WARN_DEPRECATED_OBJC_IMPLEMENTATIONS = YES;
				CLANG_WARN_DIRECT_OBJC_ISA_USAGE = YES_ERROR;
				CLANG_WARN_DOCUMENTATION_COMMENTS = YES;
				CLANG_WARN_EMPTY_BODY = YES;
				CLANG_WARN_ENUM_CONVERSION = YES;
				CLANG_WARN_INFINITE_RECURSION = YES;
				CLANG_WARN_INT_CONVERSION = YES;
				CLANG_WARN_NON_LITERAL_NULL_CONVERSION = YES;
				CLANG_WARN_OBJC_IMPLICIT_RETAIN_SELF = YES;
				CLANG_WARN_OBJC_LITERAL_CONVERSION = YES;
				CLANG_WARN_OBJC_ROOT_CLASS = YES_ERROR;
				CLANG_WARN_RANGE_LOOP_ANALYSIS = YES;
				CLANG_WARN_STRICT_PROTOTYPES = YES;
				CLANG_WARN_SUSPICIOUS_MOVE = YES;
				CLANG_WARN_UNGUARDED_AVAILABILITY = YES_AGGRESSIVE;
				CLANG_WARN_UNREACHABLE_CODE = YES;
				CLANG_WARN__DUPLICATE_METHOD_MATCH = YES;
				COPY_PHASE_STRIP = NO;
				DEBUG_INFORMATION_FORMAT = dwarf;
				ENABLE_STRICT_OBJC_MSGSEND = YES;
				ENABLE_TESTABILITY = YES;
				GCC_C_LANGUAGE_STANDARD = gnu11;
				GCC_DYNAMIC_NO_PIC = NO;
				GCC_NO_COMMON_BLOCKS = YES;
				GCC_OPTIMIZATION_LEVEL = 0;
				GCC_PREPROCESSOR_DEFINITIONS = (
					"DEBUG=1",
					"$(inherited)",
				);
				GCC_WARN_64_TO_32_BIT_CONVERSION = YES;
				GCC_WARN_ABOUT_RETURN_TYPE = YES_ERROR;
				GCC_WARN_UNDECLARED_SELECTOR = YES;
				GCC_WARN_UNINITIALIZED_AUTOS = YES_AGGRESSIVE;
				GCC_WARN_UNUSED_FUNCTION = YES;
				GCC_WARN_UNUSED_VARIABLE = YES;
				IPHONEOS_DEPLOYMENT_TARGET = 13.6;
				MTL_ENABLE_DEBUG_INFO = INCLUDE_SOURCE;
				MTL_FAST_MATH = YES;
				ONLY_ACTIVE_ARCH = YES;
				SDKROOT = iphoneos;
				SWIFT_ACTIVE_COMPILATION_CONDITIONS = DEBUG;
				SWIFT_OPTIMIZATION_LEVEL = "-Onone";
			};
			name = "Debug(Local)";
		};
		E7BCEF002516836A00E8D221 /* Debug(Local) */ = {
			isa = XCBuildConfiguration;
			baseConfigurationReference = 02DB5DCC9DE6E6D9C16CFAAE /* Pods-Gratitude.debug(local).xcconfig */;
			buildSettings = {
				ASSETCATALOG_COMPILER_APPICON_NAME = AppIcon;
				CODE_SIGN_STYLE = Automatic;
				DEVELOPMENT_ASSET_PATHS = "\"Gratitude/Preview Content\"";
				DEVELOPMENT_TEAM = RV75X33TAB;
				ENABLE_PREVIEWS = YES;
				INFOPLIST_FILE = Gratitude/Info.plist;
				LD_RUNPATH_SEARCH_PATHS = (
					"$(inherited)",
					"@executable_path/Frameworks",
				);
				PRODUCT_BUNDLE_IDENTIFIER = victornwa.Gratitude;
				PRODUCT_NAME = "$(TARGET_NAME)";
				SWIFT_VERSION = 5.0;
				TARGETED_DEVICE_FAMILY = "1,2";
			};
			name = "Debug(Local)";
		};
		E7BCEF012516836A00E8D221 /* Debug(Local) */ = {
			isa = XCBuildConfiguration;
			baseConfigurationReference = 4E46753962FF9D777386428A /* Pods-GratitudeTests.debug(local).xcconfig */;
			buildSettings = {
				ALWAYS_EMBED_SWIFT_STANDARD_LIBRARIES = YES;
				BUNDLE_LOADER = "$(TEST_HOST)";
				CODE_SIGN_STYLE = Automatic;
				DEVELOPMENT_TEAM = RV75X33TAB;
				INFOPLIST_FILE = GratitudeTests/Info.plist;
				IPHONEOS_DEPLOYMENT_TARGET = 13.6;
				LD_RUNPATH_SEARCH_PATHS = (
					"$(inherited)",
					"@executable_path/Frameworks",
					"@loader_path/Frameworks",
				);
				PRODUCT_BUNDLE_IDENTIFIER = victornwa.GratitudeTests;
				PRODUCT_NAME = "$(TARGET_NAME)";
				SWIFT_VERSION = 5.0;
				TARGETED_DEVICE_FAMILY = "1,2";
				TEST_HOST = "$(BUILT_PRODUCTS_DIR)/Gratitude.app/Gratitude";
			};
			name = "Debug(Local)";
		};
		E7BCEF022516836A00E8D221 /* Debug(Local) */ = {
			isa = XCBuildConfiguration;
			baseConfigurationReference = E8D0019006BA1C500C85FD70 /* Pods-Gratitude-GratitudeUITests.debug(local).xcconfig */;
			buildSettings = {
				ALWAYS_EMBED_SWIFT_STANDARD_LIBRARIES = YES;
				CODE_SIGN_STYLE = Automatic;
				DEVELOPMENT_TEAM = RV75X33TAB;
				INFOPLIST_FILE = GratitudeUITests/Info.plist;
				LD_RUNPATH_SEARCH_PATHS = (
					"$(inherited)",
					"@executable_path/Frameworks",
					"@loader_path/Frameworks",
				);
				PRODUCT_BUNDLE_IDENTIFIER = victornwa.GratitudeUITests;
				PRODUCT_NAME = "$(TARGET_NAME)";
				SWIFT_VERSION = 5.0;
				TARGETED_DEVICE_FAMILY = "1,2";
				TEST_TARGET_NAME = Gratitude;
			};
			name = "Debug(Local)";
		};
		E7EF826524FD659C00089B94 /* Debug */ = {
			isa = XCBuildConfiguration;
			baseConfigurationReference = E7BCEF052516864500E8D221 /* Prod.xcconfig */;
			buildSettings = {
				ALWAYS_SEARCH_USER_PATHS = NO;
				CLANG_ANALYZER_NONNULL = YES;
				CLANG_ANALYZER_NUMBER_OBJECT_CONVERSION = YES_AGGRESSIVE;
				CLANG_CXX_LANGUAGE_STANDARD = "gnu++14";
				CLANG_CXX_LIBRARY = "libc++";
				CLANG_ENABLE_MODULES = YES;
				CLANG_ENABLE_OBJC_ARC = YES;
				CLANG_ENABLE_OBJC_WEAK = YES;
				CLANG_WARN_BLOCK_CAPTURE_AUTORELEASING = YES;
				CLANG_WARN_BOOL_CONVERSION = YES;
				CLANG_WARN_COMMA = YES;
				CLANG_WARN_CONSTANT_CONVERSION = YES;
				CLANG_WARN_DEPRECATED_OBJC_IMPLEMENTATIONS = YES;
				CLANG_WARN_DIRECT_OBJC_ISA_USAGE = YES_ERROR;
				CLANG_WARN_DOCUMENTATION_COMMENTS = YES;
				CLANG_WARN_EMPTY_BODY = YES;
				CLANG_WARN_ENUM_CONVERSION = YES;
				CLANG_WARN_INFINITE_RECURSION = YES;
				CLANG_WARN_INT_CONVERSION = YES;
				CLANG_WARN_NON_LITERAL_NULL_CONVERSION = YES;
				CLANG_WARN_OBJC_IMPLICIT_RETAIN_SELF = YES;
				CLANG_WARN_OBJC_LITERAL_CONVERSION = YES;
				CLANG_WARN_OBJC_ROOT_CLASS = YES_ERROR;
				CLANG_WARN_RANGE_LOOP_ANALYSIS = YES;
				CLANG_WARN_STRICT_PROTOTYPES = YES;
				CLANG_WARN_SUSPICIOUS_MOVE = YES;
				CLANG_WARN_UNGUARDED_AVAILABILITY = YES_AGGRESSIVE;
				CLANG_WARN_UNREACHABLE_CODE = YES;
				CLANG_WARN__DUPLICATE_METHOD_MATCH = YES;
				COPY_PHASE_STRIP = NO;
				DEBUG_INFORMATION_FORMAT = dwarf;
				ENABLE_STRICT_OBJC_MSGSEND = YES;
				ENABLE_TESTABILITY = YES;
				GCC_C_LANGUAGE_STANDARD = gnu11;
				GCC_DYNAMIC_NO_PIC = NO;
				GCC_NO_COMMON_BLOCKS = YES;
				GCC_OPTIMIZATION_LEVEL = 0;
				GCC_PREPROCESSOR_DEFINITIONS = (
					"DEBUG=1",
					"$(inherited)",
				);
				GCC_WARN_64_TO_32_BIT_CONVERSION = YES;
				GCC_WARN_ABOUT_RETURN_TYPE = YES_ERROR;
				GCC_WARN_UNDECLARED_SELECTOR = YES;
				GCC_WARN_UNINITIALIZED_AUTOS = YES_AGGRESSIVE;
				GCC_WARN_UNUSED_FUNCTION = YES;
				GCC_WARN_UNUSED_VARIABLE = YES;
				IPHONEOS_DEPLOYMENT_TARGET = 13.6;
				MTL_ENABLE_DEBUG_INFO = INCLUDE_SOURCE;
				MTL_FAST_MATH = YES;
				ONLY_ACTIVE_ARCH = YES;
				SDKROOT = iphoneos;
				SWIFT_ACTIVE_COMPILATION_CONDITIONS = DEBUG;
				SWIFT_OPTIMIZATION_LEVEL = "-Onone";
			};
			name = Debug;
		};
		E7EF826624FD659C00089B94 /* Release */ = {
			isa = XCBuildConfiguration;
			buildSettings = {
				ALWAYS_SEARCH_USER_PATHS = NO;
				CLANG_ANALYZER_NONNULL = YES;
				CLANG_ANALYZER_NUMBER_OBJECT_CONVERSION = YES_AGGRESSIVE;
				CLANG_CXX_LANGUAGE_STANDARD = "gnu++14";
				CLANG_CXX_LIBRARY = "libc++";
				CLANG_ENABLE_MODULES = YES;
				CLANG_ENABLE_OBJC_ARC = YES;
				CLANG_ENABLE_OBJC_WEAK = YES;
				CLANG_WARN_BLOCK_CAPTURE_AUTORELEASING = YES;
				CLANG_WARN_BOOL_CONVERSION = YES;
				CLANG_WARN_COMMA = YES;
				CLANG_WARN_CONSTANT_CONVERSION = YES;
				CLANG_WARN_DEPRECATED_OBJC_IMPLEMENTATIONS = YES;
				CLANG_WARN_DIRECT_OBJC_ISA_USAGE = YES_ERROR;
				CLANG_WARN_DOCUMENTATION_COMMENTS = YES;
				CLANG_WARN_EMPTY_BODY = YES;
				CLANG_WARN_ENUM_CONVERSION = YES;
				CLANG_WARN_INFINITE_RECURSION = YES;
				CLANG_WARN_INT_CONVERSION = YES;
				CLANG_WARN_NON_LITERAL_NULL_CONVERSION = YES;
				CLANG_WARN_OBJC_IMPLICIT_RETAIN_SELF = YES;
				CLANG_WARN_OBJC_LITERAL_CONVERSION = YES;
				CLANG_WARN_OBJC_ROOT_CLASS = YES_ERROR;
				CLANG_WARN_RANGE_LOOP_ANALYSIS = YES;
				CLANG_WARN_STRICT_PROTOTYPES = YES;
				CLANG_WARN_SUSPICIOUS_MOVE = YES;
				CLANG_WARN_UNGUARDED_AVAILABILITY = YES_AGGRESSIVE;
				CLANG_WARN_UNREACHABLE_CODE = YES;
				CLANG_WARN__DUPLICATE_METHOD_MATCH = YES;
				COPY_PHASE_STRIP = NO;
				DEBUG_INFORMATION_FORMAT = "dwarf-with-dsym";
				ENABLE_NS_ASSERTIONS = NO;
				ENABLE_STRICT_OBJC_MSGSEND = YES;
				GCC_C_LANGUAGE_STANDARD = gnu11;
				GCC_NO_COMMON_BLOCKS = YES;
				GCC_WARN_64_TO_32_BIT_CONVERSION = YES;
				GCC_WARN_ABOUT_RETURN_TYPE = YES_ERROR;
				GCC_WARN_UNDECLARED_SELECTOR = YES;
				GCC_WARN_UNINITIALIZED_AUTOS = YES_AGGRESSIVE;
				GCC_WARN_UNUSED_FUNCTION = YES;
				GCC_WARN_UNUSED_VARIABLE = YES;
				IPHONEOS_DEPLOYMENT_TARGET = 13.6;
				MTL_ENABLE_DEBUG_INFO = NO;
				MTL_FAST_MATH = YES;
				SDKROOT = iphoneos;
				SWIFT_COMPILATION_MODE = wholemodule;
				SWIFT_OPTIMIZATION_LEVEL = "-O";
				VALIDATE_PRODUCT = YES;
			};
			name = Release;
		};
		E7EF826824FD659C00089B94 /* Debug */ = {
			isa = XCBuildConfiguration;
			baseConfigurationReference = 25BCC340AD3C2D3D7B340875 /* Pods-Gratitude.debug.xcconfig */;
			buildSettings = {
				ASSETCATALOG_COMPILER_APPICON_NAME = AppIcon;
				CODE_SIGN_STYLE = Automatic;
				DEVELOPMENT_ASSET_PATHS = "\"Gratitude/Preview Content\"";
				DEVELOPMENT_TEAM = RV75X33TAB;
				ENABLE_PREVIEWS = YES;
				INFOPLIST_FILE = Gratitude/Info.plist;
				LD_RUNPATH_SEARCH_PATHS = (
					"$(inherited)",
					"@executable_path/Frameworks",
				);
				PRODUCT_BUNDLE_IDENTIFIER = victornwa.Gratitude;
				PRODUCT_NAME = "$(TARGET_NAME)";
				SWIFT_VERSION = 5.0;
				TARGETED_DEVICE_FAMILY = "1,2";
			};
			name = Debug;
		};
		E7EF826924FD659C00089B94 /* Release */ = {
			isa = XCBuildConfiguration;
			baseConfigurationReference = 8F119ED92985735ABF67C87C /* Pods-Gratitude.release.xcconfig */;
			buildSettings = {
				ASSETCATALOG_COMPILER_APPICON_NAME = AppIcon;
				CODE_SIGN_STYLE = Automatic;
				DEVELOPMENT_ASSET_PATHS = "\"Gratitude/Preview Content\"";
				DEVELOPMENT_TEAM = RV75X33TAB;
				ENABLE_PREVIEWS = YES;
				INFOPLIST_FILE = Gratitude/Info.plist;
				LD_RUNPATH_SEARCH_PATHS = (
					"$(inherited)",
					"@executable_path/Frameworks",
				);
				PRODUCT_BUNDLE_IDENTIFIER = victornwa.Gratitude;
				PRODUCT_NAME = "$(TARGET_NAME)";
				SWIFT_VERSION = 5.0;
				TARGETED_DEVICE_FAMILY = "1,2";
			};
			name = Release;
		};
		E7EF826B24FD659C00089B94 /* Debug */ = {
			isa = XCBuildConfiguration;
			baseConfigurationReference = A54D610D076D8C15A89EF793 /* Pods-GratitudeTests.debug.xcconfig */;
			buildSettings = {
				ALWAYS_EMBED_SWIFT_STANDARD_LIBRARIES = YES;
				BUNDLE_LOADER = "$(TEST_HOST)";
				CODE_SIGN_STYLE = Automatic;
				DEVELOPMENT_TEAM = RV75X33TAB;
				INFOPLIST_FILE = GratitudeTests/Info.plist;
				IPHONEOS_DEPLOYMENT_TARGET = 13.6;
				LD_RUNPATH_SEARCH_PATHS = (
					"$(inherited)",
					"@executable_path/Frameworks",
					"@loader_path/Frameworks",
				);
				PRODUCT_BUNDLE_IDENTIFIER = victornwa.GratitudeTests;
				PRODUCT_NAME = "$(TARGET_NAME)";
				SWIFT_VERSION = 5.0;
				TARGETED_DEVICE_FAMILY = "1,2";
				TEST_HOST = "$(BUILT_PRODUCTS_DIR)/Gratitude.app/Gratitude";
			};
			name = Debug;
		};
		E7EF826C24FD659C00089B94 /* Release */ = {
			isa = XCBuildConfiguration;
			baseConfigurationReference = 22D275B196BEF2636E255E15 /* Pods-GratitudeTests.release.xcconfig */;
			buildSettings = {
				ALWAYS_EMBED_SWIFT_STANDARD_LIBRARIES = YES;
				BUNDLE_LOADER = "$(TEST_HOST)";
				CODE_SIGN_STYLE = Automatic;
				DEVELOPMENT_TEAM = RV75X33TAB;
				INFOPLIST_FILE = GratitudeTests/Info.plist;
				IPHONEOS_DEPLOYMENT_TARGET = 13.6;
				LD_RUNPATH_SEARCH_PATHS = (
					"$(inherited)",
					"@executable_path/Frameworks",
					"@loader_path/Frameworks",
				);
				PRODUCT_BUNDLE_IDENTIFIER = victornwa.GratitudeTests;
				PRODUCT_NAME = "$(TARGET_NAME)";
				SWIFT_VERSION = 5.0;
				TARGETED_DEVICE_FAMILY = "1,2";
				TEST_HOST = "$(BUILT_PRODUCTS_DIR)/Gratitude.app/Gratitude";
			};
			name = Release;
		};
		E7EF826E24FD659C00089B94 /* Debug */ = {
			isa = XCBuildConfiguration;
			baseConfigurationReference = 239177C77261F36962384B86 /* Pods-Gratitude-GratitudeUITests.debug.xcconfig */;
			buildSettings = {
				ALWAYS_EMBED_SWIFT_STANDARD_LIBRARIES = YES;
				CODE_SIGN_STYLE = Automatic;
				DEVELOPMENT_TEAM = RV75X33TAB;
				INFOPLIST_FILE = GratitudeUITests/Info.plist;
				LD_RUNPATH_SEARCH_PATHS = (
					"$(inherited)",
					"@executable_path/Frameworks",
					"@loader_path/Frameworks",
				);
				PRODUCT_BUNDLE_IDENTIFIER = victornwa.GratitudeUITests;
				PRODUCT_NAME = "$(TARGET_NAME)";
				SWIFT_VERSION = 5.0;
				TARGETED_DEVICE_FAMILY = "1,2";
				TEST_TARGET_NAME = Gratitude;
			};
			name = Debug;
		};
		E7EF826F24FD659C00089B94 /* Release */ = {
			isa = XCBuildConfiguration;
			baseConfigurationReference = 05CAFFA6E0B8A92FC4E682DA /* Pods-Gratitude-GratitudeUITests.release.xcconfig */;
			buildSettings = {
				ALWAYS_EMBED_SWIFT_STANDARD_LIBRARIES = YES;
				CODE_SIGN_STYLE = Automatic;
				DEVELOPMENT_TEAM = RV75X33TAB;
				INFOPLIST_FILE = GratitudeUITests/Info.plist;
				LD_RUNPATH_SEARCH_PATHS = (
					"$(inherited)",
					"@executable_path/Frameworks",
					"@loader_path/Frameworks",
				);
				PRODUCT_BUNDLE_IDENTIFIER = victornwa.GratitudeUITests;
				PRODUCT_NAME = "$(TARGET_NAME)";
				SWIFT_VERSION = 5.0;
				TARGETED_DEVICE_FAMILY = "1,2";
				TEST_TARGET_NAME = Gratitude;
			};
			name = Release;
		};
/* End XCBuildConfiguration section */

/* Begin XCConfigurationList section */
		E7EF823524FD659A00089B94 /* Build configuration list for PBXProject "Gratitude" */ = {
			isa = XCConfigurationList;
			buildConfigurations = (
				E7EF826524FD659C00089B94 /* Debug */,
				E7BCEEFF2516836A00E8D221 /* Debug(Local) */,
				E7EF826624FD659C00089B94 /* Release */,
			);
			defaultConfigurationIsVisible = 0;
			defaultConfigurationName = Release;
		};
		E7EF826724FD659C00089B94 /* Build configuration list for PBXNativeTarget "Gratitude" */ = {
			isa = XCConfigurationList;
			buildConfigurations = (
				E7EF826824FD659C00089B94 /* Debug */,
				E7BCEF002516836A00E8D221 /* Debug(Local) */,
				E7EF826924FD659C00089B94 /* Release */,
			);
			defaultConfigurationIsVisible = 0;
			defaultConfigurationName = Release;
		};
		E7EF826A24FD659C00089B94 /* Build configuration list for PBXNativeTarget "GratitudeTests" */ = {
			isa = XCConfigurationList;
			buildConfigurations = (
				E7EF826B24FD659C00089B94 /* Debug */,
				E7BCEF012516836A00E8D221 /* Debug(Local) */,
				E7EF826C24FD659C00089B94 /* Release */,
			);
			defaultConfigurationIsVisible = 0;
			defaultConfigurationName = Release;
		};
		E7EF826D24FD659C00089B94 /* Build configuration list for PBXNativeTarget "GratitudeUITests" */ = {
			isa = XCConfigurationList;
			buildConfigurations = (
				E7EF826E24FD659C00089B94 /* Debug */,
				E7BCEF022516836A00E8D221 /* Debug(Local) */,
				E7EF826F24FD659C00089B94 /* Release */,
			);
			defaultConfigurationIsVisible = 0;
			defaultConfigurationName = Release;
		};
/* End XCConfigurationList section */

/* Begin XCVersionGroup section */
		E7EF824124FD659A00089B94 /* Gratitude.xcdatamodeld */ = {
			isa = XCVersionGroup;
			children = (
				E7EF824224FD659A00089B94 /* Gratitude.xcdatamodel */,
			);
			currentVersion = E7EF824224FD659A00089B94 /* Gratitude.xcdatamodel */;
			path = Gratitude.xcdatamodeld;
			sourceTree = "<group>";
			versionGroupType = wrapper.xcdatamodel;
		};
/* End XCVersionGroup section */
	};
	rootObject = E7EF823224FD659A00089B94 /* Project object */;
}
